
Microsoft Visual Studio Solution File, Format Version 11.00
# Visual Studio 2010
Project("{FAE04EC0-301F-11D3-BF4B-00C04F79EFBC}") = "shooting_game", "Assembly-CSharp.csproj", "{972B2265-67E6-6445-76E2-28EF765FFD89}"
EndProject
Project("{FAE04EC0-301F-11D3-BF4B-00C04F79EFBC}") = "shooting_game", "Assembly-CSharp-Editor.csproj", "{74F05642-F935-0F4F-5B46-B15198EDC843}"
EndProject
Global
	GlobalSection(SolutionConfigurationPlatforms) = preSolution
		Debug|Any CPU = Debug|Any CPU
		Release|Any CPU = Release|Any CPU
	EndGlobalSection
	GlobalSection(ProjectConfigurationPlatforms) = postSolution
		{972B2265-67E6-6445-76E2-28EF765FFD89}.Debug|Any CPU.ActiveCfg = Debug|Any CPU
		{972B2265-67E6-6445-76E2-28EF765FFD89}.Debug|Any CPU.Build.0 = Debug|Any CPU
		{972B2265-67E6-6445-76E2-28EF765FFD89}.Release|Any CPU.ActiveCfg = Release|Any CPU
		{972B2265-67E6-6445-76E2-28EF765FFD89}.Release|Any CPU.Build.0 = Release|Any CPU
		{74F05642-F935-0F4F-5B46-B15198EDC843}.Debug|Any CPU.ActiveCfg = Debug|Any CPU
		{74F05642-F935-0F4F-5B46-B15198EDC843}.Debug|Any CPU.Build.0 = Debug|Any CPU
		{74F05642-F935-0F4F-5B46-B15198EDC843}.Release|Any CPU.ActiveCfg = Release|Any CPU
		{74F05642-F935-0F4F-5B46-B15198EDC843}.Release|Any CPU.Build.0 = Release|Any CPU
	EndGlobalSection
	GlobalSection(SolutionProperties) = preSolution
		HideSolutionNode = FALSE
	EndGlobalSection
	GlobalSection(MonoDevelopProperties) = preSolution
		StartupItem = Assembly-CSharp.csproj
	EndGlobalSection
EndGlobal
