
Microsoft Visual Studio Solution File, Format Version 11.00
# Visual Studio 2010
Project("{FAE04EC0-301F-11D3-BF4B-00C04F79EFBC}") = "Rollball", "Assembly-CSharp-firstpass.csproj", "{1A52F6F1-E43C-03EA-39CE-28D08B0E9C40}"
EndProject
Project("{FAE04EC0-301F-11D3-BF4B-00C04F79EFBC}") = "Rollball", "Assembly-CSharp.csproj", "{AA1E12BE-38FC-1A65-8A6B-742BF369EAC6}"
EndProject
Project("{FAE04EC0-301F-11D3-BF4B-00C04F79EFBC}") = "Rollball", "Assembly-CSharp-Editor-firstpass.csproj", "{182117E3-2E1B-140F-A831-5103AB1737D3}"
EndProject
Global
	GlobalSection(SolutionConfigurationPlatforms) = preSolution
		Debug|Any CPU = Debug|Any CPU
		Release|Any CPU = Release|Any CPU
	EndGlobalSection
	GlobalSection(ProjectConfigurationPlatforms) = postSolution
		{1A52F6F1-E43C-03EA-39CE-28D08B0E9C40}.Debug|Any CPU.ActiveCfg = Debug|Any CPU
		{1A52F6F1-E43C-03EA-39CE-28D08B0E9C40}.Debug|Any CPU.Build.0 = Debug|Any CPU
		{1A52F6F1-E43C-03EA-39CE-28D08B0E9C40}.Release|Any CPU.ActiveCfg = Release|Any CPU
		{1A52F6F1-E43C-03EA-39CE-28D08B0E9C40}.Release|Any CPU.Build.0 = Release|Any CPU
		{AA1E12BE-38FC-1A65-8A6B-742BF369EAC6}.Debug|Any CPU.ActiveCfg = Debug|Any CPU
		{AA1E12BE-38FC-1A65-8A6B-742BF369EAC6}.Debug|Any CPU.Build.0 = Debug|Any CPU
		{AA1E12BE-38FC-1A65-8A6B-742BF369EAC6}.Release|Any CPU.ActiveCfg = Release|Any CPU
		{AA1E12BE-38FC-1A65-8A6B-742BF369EAC6}.Release|Any CPU.Build.0 = Release|Any CPU
		{182117E3-2E1B-140F-A831-5103AB1737D3}.Debug|Any CPU.ActiveCfg = Debug|Any CPU
		{182117E3-2E1B-140F-A831-5103AB1737D3}.Debug|Any CPU.Build.0 = Debug|Any CPU
		{182117E3-2E1B-140F-A831-5103AB1737D3}.Release|Any CPU.ActiveCfg = Release|Any CPU
		{182117E3-2E1B-140F-A831-5103AB1737D3}.Release|Any CPU.Build.0 = Release|Any CPU
	EndGlobalSection
	GlobalSection(SolutionProperties) = preSolution
		HideSolutionNode = FALSE
	EndGlobalSection
	GlobalSection(MonoDevelopProperties) = preSolution
		StartupItem = Assembly-CSharp.csproj
	EndGlobalSection
EndGlobal
